{
    "_readme": [
        "This file locks the dependencies of your project to a known state",
        "Read more about it at http://getcomposer.org/doc/01-basic-usage.md#composer-lock-the-lock-file"
    ],
    "hash": "977b38a5f65a2a828f2a6043dc562f23",
    "packages": [
        {
            "name": "mediawiki/data-values",
            "version": "dev-master",
            "source": {
                "type": "git",
                "url": "https://github.com/wikimedia/mediawiki-extensions-DataValues.git",
                "reference": "20c8d63added92ee830981ed90a42cb1361dc0ea"
            },
            "dist": {
                "type": "zip",
                "url": "https://api.github.com/repos/wikimedia/mediawiki-extensions-DataValues/zipball/20c8d63added92ee830981ed90a42cb1361dc0ea",
                "reference": "20c8d63added92ee830981ed90a42cb1361dc0ea",
                "shasum": ""
            },
            "require": {
                "php": ">=5.3.0"
            },
            "type": "library",
            "autoload": {
                "files": [
                    "DataValues.php"
                ]
            },
            "notification-url": "https://packagist.org/downloads/",
            "license": [
                "GPL-2.0+"
            ],
            "authors": [
                {
                    "name": "Jeroen De Dauw",
                    "email": "jeroendedauw@gmail.com",
                    "homepage": "http://jeroendedauw.com",
                    "role": "Developer"
                }
            ],
            "description": "A set of simple libraries",
            "homepage": "https://www.mediawiki.org/wiki/Extension:DataValues",
            "keywords": [
                "datatypes",
                "datavalues",
                "valueformatters",
                "valueparsers",
                "valuevalidators"
            ],
            "time": "2013-06-06 21:21:50"
        }
    ],
    "packages-dev": [

    ],
    "aliases": [

    ],
    "minimum-stability": "stable",
    "stability-flags": {
        "mediawiki/data-values": 20
    },
    "platform": {
        "php": ">=5.3.0"
    },
    "platform-dev": [

    ]
}
