{
    "_readme": [
        "This file locks the dependencies of your project to a known state",
        "Read more about it at http://getcomposer.org/doc/01-basic-usage.md#composer-lock-the-lock-file"
    ],
    "hash": "2d54f6b20e21f9afdd6b5a5650a37fe4",
    "packages": [
        {
            "name": "mediawiki/data-values",
            "version": "dev-master",
            "source": {
                "type": "git",
                "url": "https://github.com/wikimedia/mediawiki-extensions-DataValues.git",
                "reference": "c3850a7d11bc66a1bea73942cc0cabf9e8370b57"
            },
            "dist": {
                "type": "zip",
                "url": "https://api.github.com/repos/wikimedia/mediawiki-extensions-DataValues/zipball/c3850a7d11bc66a1bea73942cc0cabf9e8370b57",
                "reference": "c3850a7d11bc66a1bea73942cc0cabf9e8370b57",
                "shasum": ""
            },
            "require": {
                "php": ">=5.3.0"
            },
            "type": "library",
            "autoload": {
                "classmap": [
                    "DataTypes/",
                    "DataValues/",
                    "ValueFormatters/",
                    "ValueParsers/",
                    "ValueValidators/"
                ]
            },
            "notification-url": "https://packagist.org/downloads/",
            "license": [
                "GPL-2.0+"
            ],
            "authors": [
                {
                    "name": "Jeroen De Dauw",
                    "email": "jeroendedauw@gmail.com",
                    "homepage": "http://jeroendedauw.com",
                    "role": "Developer"
                }
            ],
            "description": "A set of simple libraries",
            "homepage": "https://www.mediawiki.org/wiki/Extension:DataValues",
            "keywords": [
                "datatypes",
                "datavalues",
                "valueformatters",
                "valueparsers",
                "valuevalidators"
            ],
            "time": "2013-06-06 17:36:32"
        }
    ],
    "packages-dev": null,
    "aliases": [

    ],
    "minimum-stability": "stable",
    "stability-flags": {
        "mediawiki/data-values": 20
    },
    "platform": {
        "php": ">=5.3.0"
    },
    "platform-dev": [

    ]
}
